{
  "name": "lambda-graphql",
  "version": "1.0.0",
  "lockfileVersion": 2,
  "requires": true,
  "packages": {
    "": {
      "name": "lambda-graphql",
      "version": "1.0.0",
      "license": "ISC",
      "dependencies": {
        "@graphql-tools/schema": "^6.2.3",
        "axios": "^0.26.0",
        "base-64": "^1.0.0",
        "graphql": "^15.0.0",
        "nanoid": "^3.3.1"
      },
      "devDependencies": {}
    },
    "node_modules/@ardatan/aggregate-error": {
      "version": "0.0.6",
      "resolved": "https://registry.npmjs.org/@ardatan/aggregate-error/-/aggregate-error-0.0.6.tgz",
      "integrity": "sha512-vyrkEHG1jrukmzTPtyWB4NLPauUw5bQeg4uhn8f+1SSynmrOcyvlb1GKQjjgoBzElLdfXCRYX8UnBlhklOHYRQ==",
      "dependencies": {
        "tslib": "~2.0.1"
      },
      "engines": {
        "node": ">=8"
      }
    },
    "node_modules/@graphql-tools/schema": {
      "version": "6.2.4",
      "resolved": "https://registry.npmjs.org/@graphql-tools/schema/-/schema-6.2.4.tgz",
      "integrity": "sha512-rh+14lSY1q8IPbEv2J9x8UBFJ5NrDX9W5asXEUlPp+7vraLp/Tiox4GXdgyA92JhwpYco3nTf5Bo2JDMt1KnAQ==",
      "dependencies": {
        "@graphql-tools/utils": "^6.2.4",
        "tslib": "~2.0.1"
      },
      "peerDependencies": {
        "graphql": "^14.0.0 || ^15.0.0"
      }
    },
    "node_modules/@graphql-tools/utils": {
      "version": "6.2.4",
      "resolved": "https://registry.npmjs.org/@graphql-tools/utils/-/utils-6.2.4.tgz",
      "integrity": "sha512-ybgZ9EIJE3JMOtTrTd2VcIpTXtDrn2q6eiYkeYMKRVh3K41+LZa6YnR2zKERTXqTWqhobROwLt4BZbw2O3Aeeg==",
      "dependencies": {
        "@ardatan/aggregate-error": "0.0.6",
        "camel-case": "4.1.1",
        "tslib": "~2.0.1"
      },
      "peerDependencies": {
        "graphql": "^14.0.0 || ^15.0.0"
      }
    },
    "node_modules/axios": {
      "version": "0.26.0",
      "resolved": "https://registry.npmjs.org/axios/-/axios-0.26.0.tgz",
      "integrity": "sha512-lKoGLMYtHvFrPVt3r+RBMp9nh34N0M8zEfCWqdWZx6phynIEhQqAdydpyBAAG211zlhX9Rgu08cOamy6XjE5Og==",
      "dependencies": {
        "follow-redirects": "^1.14.8"
      }
    },
    "node_modules/base-64": {
      "version": "1.0.0",
      "resolved": "https://registry.npmjs.org/base-64/-/base-64-1.0.0.tgz",
      "integrity": "sha512-kwDPIFCGx0NZHog36dj+tHiwP4QMzsZ3AgMViUBKI0+V5n4U0ufTCUMhnQ04diaRI8EX/QcPfql7zlhZ7j4zgg=="
    },
    "node_modules/camel-case": {
      "version": "4.1.1",
      "resolved": "https://registry.npmjs.org/camel-case/-/camel-case-4.1.1.tgz",
      "integrity": "sha512-7fa2WcG4fYFkclIvEmxBbTvmibwF2/agfEBc6q3lOpVu0A13ltLsA+Hr/8Hp6kp5f+G7hKi6t8lys6XxP+1K6Q==",
      "dependencies": {
        "pascal-case": "^3.1.1",
        "tslib": "^1.10.0"
      }
    },
    "node_modules/camel-case/node_modules/tslib": {
      "version": "1.14.1",
      "resolved": "https://registry.npmjs.org/tslib/-/tslib-1.14.1.tgz",
      "integrity": "sha512-Xni35NKzjgMrwevysHTCArtLDpPvye8zV/0E4EyYn43P7/7qvQwPh9BGkHewbMulVntbigmcT7rdX3BNo9wRJg=="
    },
    "node_modules/follow-redirects": {
      "version": "1.14.9",
      "resolved": "https://registry.npmjs.org/follow-redirects/-/follow-redirects-1.14.9.tgz",
      "integrity": "sha512-MQDfihBQYMcyy5dhRDJUHcw7lb2Pv/TuE6xP1vyraLukNDHKbDxDNaOE3NbCAdKQApno+GPRyo1YAp89yCjK4w==",
      "funding": [
        {
          "type": "individual",
          "url": "https://github.com/sponsors/RubenVerborgh"
        }
      ],
      "engines": {
        "node": ">=4.0"
      },
      "peerDependenciesMeta": {
        "debug": {
          "optional": true
        }
      }
    },
    "node_modules/graphql": {
      "version": "15.8.0",
      "resolved": "https://registry.npmjs.org/graphql/-/graphql-15.8.0.tgz",
      "integrity": "sha512-5gghUc24tP9HRznNpV2+FIoq3xKkj5dTQqf4v0CpdPbFVwFkWoxOM+o+2OC9ZSvjEMTjfmG9QT+gcvggTwW1zw==",
      "engines": {
        "node": ">= 10.x"
      }
    },
    "node_modules/lower-case": {
      "version": "2.0.2",
      "resolved": "https://registry.npmjs.org/lower-case/-/lower-case-2.0.2.tgz",
      "integrity": "sha512-7fm3l3NAF9WfN6W3JOmf5drwpVqX78JtoGJ3A6W0a6ZnldM41w2fV5D490psKFTpMds8TJse/eHLFFsNHHjHgg==",
      "dependencies": {
        "tslib": "^2.0.3"
      }
    },
    "node_modules/nanoid": {
      "version": "3.3.1",
      "resolved": "https://registry.npmjs.org/nanoid/-/nanoid-3.3.1.tgz",
      "integrity": "sha512-n6Vs/3KGyxPQd6uO0eH4Bv0ojGSUvuLlIHtC3Y0kEO23YRge8H9x1GCzLn28YX0H66pMkxuaeESFq4tKISKwdw==",
      "bin": {
        "nanoid": "bin/nanoid.cjs"
      },
      "engines": {
        "node": "^10 || ^12 || ^13.7 || ^14 || >=15.0.1"
      }
    },
    "node_modules/no-case": {
      "version": "3.0.4",
      "resolved": "https://registry.npmjs.org/no-case/-/no-case-3.0.4.tgz",
      "integrity": "sha512-fgAN3jGAh+RoxUGZHTSOLJIqUc2wmoBwGR4tbpNAKmmovFoWq0OdRkb0VkldReO2a2iBT/OEulG9XSUc10r3zg==",
      "dependencies": {
        "lower-case": "^2.0.2",
        "tslib": "^2.0.3"
      }
    },
    "node_modules/pascal-case": {
      "version": "3.1.2",
      "resolved": "https://registry.npmjs.org/pascal-case/-/pascal-case-3.1.2.tgz",
      "integrity": "sha512-uWlGT3YSnK9x3BQJaOdcZwrnV6hPpd8jFH1/ucpiLRPh/2zCVJKS19E4GvYHvaCcACn3foXZ0cLB9Wrx1KGe5g==",
      "dependencies": {
        "no-case": "^3.0.4",
        "tslib": "^2.0.3"
      }
    },
    "node_modules/tslib": {
      "version": "2.0.3",
      "resolved": "https://registry.npmjs.org/tslib/-/tslib-2.0.3.tgz",
      "integrity": "sha512-uZtkfKblCEQtZKBF6EBXVZeQNl82yqtDQdv+eck8u7tdPxjLu2/lp5/uPW+um2tpuxINHWy3GhiccY7QgEaVHQ=="
    }
  },
  "dependencies": {
    "@ardatan/aggregate-error": {
      "version": "0.0.6",
      "resolved": "https://registry.npmjs.org/@ardatan/aggregate-error/-/aggregate-error-0.0.6.tgz",
      "integrity": "sha512-vyrkEHG1jrukmzTPtyWB4NLPauUw5bQeg4uhn8f+1SSynmrOcyvlb1GKQjjgoBzElLdfXCRYX8UnBlhklOHYRQ==",
      "requires": {
        "tslib": "~2.0.1"
      }
    },
    "@graphql-tools/schema": {
      "version": "6.2.4",
      "resolved": "https://registry.npmjs.org/@graphql-tools/schema/-/schema-6.2.4.tgz",
      "integrity": "sha512-rh+14lSY1q8IPbEv2J9x8UBFJ5NrDX9W5asXEUlPp+7vraLp/Tiox4GXdgyA92JhwpYco3nTf5Bo2JDMt1KnAQ==",
      "requires": {
        "@graphql-tools/utils": "^6.2.4",
        "tslib": "~2.0.1"
      }
    },
    "@graphql-tools/utils": {
      "version": "6.2.4",
      "resolved": "https://registry.npmjs.org/@graphql-tools/utils/-/utils-6.2.4.tgz",
      "integrity": "sha512-ybgZ9EIJE3JMOtTrTd2VcIpTXtDrn2q6eiYkeYMKRVh3K41+LZa6YnR2zKERTXqTWqhobROwLt4BZbw2O3Aeeg==",
      "requires": {
        "@ardatan/aggregate-error": "0.0.6",
        "camel-case": "4.1.1",
        "tslib": "~2.0.1"
      }
    },
    "axios": {
      "version": "0.26.0",
      "resolved": "https://registry.npmjs.org/axios/-/axios-0.26.0.tgz",
      "integrity": "sha512-lKoGLMYtHvFrPVt3r+RBMp9nh34N0M8zEfCWqdWZx6phynIEhQqAdydpyBAAG211zlhX9Rgu08cOamy6XjE5Og==",
      "requires": {
        "follow-redirects": "^1.14.8"
      }
    },
    "base-64": {
      "version": "1.0.0",
      "resolved": "https://registry.npmjs.org/base-64/-/base-64-1.0.0.tgz",
      "integrity": "sha512-kwDPIFCGx0NZHog36dj+tHiwP4QMzsZ3AgMViUBKI0+V5n4U0ufTCUMhnQ04diaRI8EX/QcPfql7zlhZ7j4zgg=="
    },
    "camel-case": {
      "version": "4.1.1",
      "resolved": "https://registry.npmjs.org/camel-case/-/camel-case-4.1.1.tgz",
      "integrity": "sha512-7fa2WcG4fYFkclIvEmxBbTvmibwF2/agfEBc6q3lOpVu0A13ltLsA+Hr/8Hp6kp5f+G7hKi6t8lys6XxP+1K6Q==",
      "requires": {
        "pascal-case": "^3.1.1",
        "tslib": "^1.10.0"
      },
      "dependencies": {
        "tslib": {
          "version": "1.14.1",
          "resolved": "https://registry.npmjs.org/tslib/-/tslib-1.14.1.tgz",
          "integrity": "sha512-Xni35NKzjgMrwevysHTCArtLDpPvye8zV/0E4EyYn43P7/7qvQwPh9BGkHewbMulVntbigmcT7rdX3BNo9wRJg=="
        }
      }
    },
    "follow-redirects": {
      "version": "1.14.9",
      "resolved": "https://registry.npmjs.org/follow-redirects/-/follow-redirects-1.14.9.tgz",
      "integrity": "sha512-MQDfihBQYMcyy5dhRDJUHcw7lb2Pv/TuE6xP1vyraLukNDHKbDxDNaOE3NbCAdKQApno+GPRyo1YAp89yCjK4w=="
    },
    "graphql": {
      "version": "15.8.0",
      "resolved": "https://registry.npmjs.org/graphql/-/graphql-15.8.0.tgz",
      "integrity": "sha512-5gghUc24tP9HRznNpV2+FIoq3xKkj5dTQqf4v0CpdPbFVwFkWoxOM+o+2OC9ZSvjEMTjfmG9QT+gcvggTwW1zw=="
    },
    "lower-case": {
      "version": "2.0.2",
      "resolved": "https://registry.npmjs.org/lower-case/-/lower-case-2.0.2.tgz",
      "integrity": "sha512-7fm3l3NAF9WfN6W3JOmf5drwpVqX78JtoGJ3A6W0a6ZnldM41w2fV5D490psKFTpMds8TJse/eHLFFsNHHjHgg==",
      "requires": {
        "tslib": "^2.0.3"
      }
    },
    "nanoid": {
      "version": "3.3.1",
      "resolved": "https://registry.npmjs.org/nanoid/-/nanoid-3.3.1.tgz",
      "integrity": "sha512-n6Vs/3KGyxPQd6uO0eH4Bv0ojGSUvuLlIHtC3Y0kEO23YRge8H9x1GCzLn28YX0H66pMkxuaeESFq4tKISKwdw=="
    },
    "no-case": {
      "version": "3.0.4",
      "resolved": "https://registry.npmjs.org/no-case/-/no-case-3.0.4.tgz",
      "integrity": "sha512-fgAN3jGAh+RoxUGZHTSOLJIqUc2wmoBwGR4tbpNAKmmovFoWq0OdRkb0VkldReO2a2iBT/OEulG9XSUc10r3zg==",
      "requires": {
        "lower-case": "^2.0.2",
        "tslib": "^2.0.3"
      }
    },
    "pascal-case": {
      "version": "3.1.2",
      "resolved": "https://registry.npmjs.org/pascal-case/-/pascal-case-3.1.2.tgz",
      "integrity": "sha512-uWlGT3YSnK9x3BQJaOdcZwrnV6hPpd8jFH1/ucpiLRPh/2zCVJKS19E4GvYHvaCcACn3foXZ0cLB9Wrx1KGe5g==",
      "requires": {
        "no-case": "^3.0.4",
        "tslib": "^2.0.3"
      }
    },
    "tslib": {
      "version": "2.0.3",
      "resolved": "https://registry.npmjs.org/tslib/-/tslib-2.0.3.tgz",
      "integrity": "sha512-uZtkfKblCEQtZKBF6EBXVZeQNl82yqtDQdv+eck8u7tdPxjLu2/lp5/uPW+um2tpuxINHWy3GhiccY7QgEaVHQ=="
    }
  }
}
